
Microsoft Visual Studio Solution File, Format Version 12.00
# Visual Studio 2013
VisualStudioVersion = 12.0.31101.0
MinimumVisualStudioVersion = 10.0.40219.1
Project("{FAE04EC0-301F-11D3-BF4B-00C04F79EFBC}") = "GoogleRecaptcha", "GoogleRecaptcha\GoogleRecaptcha.csproj", "{378EEDC3-A5A3-41DA-9B48-9E459C425B4D}"
EndProject
Project("{FAE04EC0-301F-11D3-BF4B-00C04F79EFBC}") = "GoogleRecaptchaMvc", "GoogleRecaptchaMvc\GoogleRecaptchaMvc.csproj", "{4F8BF1C2-6BCE-4761-85DA-63B8D3DBF859}"
EndProject
Project("{FAE04EC0-301F-11D3-BF4B-00C04F79EFBC}") = "GoogleRecaptcha.WebMvc", "GoogleRecaptcha.WebMvc\GoogleRecaptcha.WebMvc.csproj", "{4EEFECD6-E0D1-4A5E-83D3-929CF987CB48}"
EndProject
Project("{FAE04EC0-301F-11D3-BF4B-00C04F79EFBC}") = "GoogleRecaptchaWebForms", "GoogleRecaptchaWebForms\GoogleRecaptchaWebForms.csproj", "{AB33C149-030C-4E2D-B135-36A5F1FF1CC4}"
EndProject
Project("{FAE04EC0-301F-11D3-BF4B-00C04F79EFBC}") = "GoogleRecaptcha.WebForms", "GoogleRecaptcha.WebForms\GoogleRecaptcha.WebForms.csproj", "{1559058B-5A7C-42D9-919A-02AD20DE1294}"
EndProject
Global
	GlobalSection(SolutionConfigurationPlatforms) = preSolution
		Debug|Any CPU = Debug|Any CPU
		Release|Any CPU = Release|Any CPU
	EndGlobalSection
	GlobalSection(ProjectConfigurationPlatforms) = postSolution
		{378EEDC3-A5A3-41DA-9B48-9E459C425B4D}.Debug|Any CPU.ActiveCfg = Debug|Any CPU
		{378EEDC3-A5A3-41DA-9B48-9E459C425B4D}.Debug|Any CPU.Build.0 = Debug|Any CPU
		{378EEDC3-A5A3-41DA-9B48-9E459C425B4D}.Release|Any CPU.ActiveCfg = Release|Any CPU
		{378EEDC3-A5A3-41DA-9B48-9E459C425B4D}.Release|Any CPU.Build.0 = Release|Any CPU
		{4F8BF1C2-6BCE-4761-85DA-63B8D3DBF859}.Debug|Any CPU.ActiveCfg = Debug|Any CPU
		{4F8BF1C2-6BCE-4761-85DA-63B8D3DBF859}.Debug|Any CPU.Build.0 = Debug|Any CPU
		{4F8BF1C2-6BCE-4761-85DA-63B8D3DBF859}.Release|Any CPU.ActiveCfg = Release|Any CPU
		{4F8BF1C2-6BCE-4761-85DA-63B8D3DBF859}.Release|Any CPU.Build.0 = Release|Any CPU
		{4EEFECD6-E0D1-4A5E-83D3-929CF987CB48}.Debug|Any CPU.ActiveCfg = Debug|Any CPU
		{4EEFECD6-E0D1-4A5E-83D3-929CF987CB48}.Debug|Any CPU.Build.0 = Debug|Any CPU
		{4EEFECD6-E0D1-4A5E-83D3-929CF987CB48}.Release|Any CPU.ActiveCfg = Release|Any CPU
		{4EEFECD6-E0D1-4A5E-83D3-929CF987CB48}.Release|Any CPU.Build.0 = Release|Any CPU
		{AB33C149-030C-4E2D-B135-36A5F1FF1CC4}.Debug|Any CPU.ActiveCfg = Debug|Any CPU
		{AB33C149-030C-4E2D-B135-36A5F1FF1CC4}.Debug|Any CPU.Build.0 = Debug|Any CPU
		{AB33C149-030C-4E2D-B135-36A5F1FF1CC4}.Release|Any CPU.ActiveCfg = Release|Any CPU
		{AB33C149-030C-4E2D-B135-36A5F1FF1CC4}.Release|Any CPU.Build.0 = Release|Any CPU
		{1559058B-5A7C-42D9-919A-02AD20DE1294}.Debug|Any CPU.ActiveCfg = Debug|Any CPU
		{1559058B-5A7C-42D9-919A-02AD20DE1294}.Debug|Any CPU.Build.0 = Debug|Any CPU
		{1559058B-5A7C-42D9-919A-02AD20DE1294}.Release|Any CPU.ActiveCfg = Release|Any CPU
		{1559058B-5A7C-42D9-919A-02AD20DE1294}.Release|Any CPU.Build.0 = Release|Any CPU
	EndGlobalSection
	GlobalSection(SolutionProperties) = preSolution
		HideSolutionNode = FALSE
	EndGlobalSection
EndGlobal
